
Microsoft Visual Studio Solution File, Format Version 12.00
# Visual Studio Version 17
VisualStudioVersion = 17.10.35013.160
MinimumVisualStudioVersion = 10.0.40219.1
Project("{9A19103F-16F7-4668-BE54-9A1E7A4F7556}") = "BookStoreMainSup", "BookStoreMainSup\BookStoreMainSup.csproj", "{412A554C-4E34-461B-83E1-CE3256534899}"
EndProject
Project("{FAE04EC0-301F-11D3-BF4B-00C04F79EFBC}") = "BookStoreTest", "BookStoreTest\BookStoreTest.csproj", "{CE5700E8-DE7E-4F40-895A-A8D3C65D1F30}"
EndProject
Global
	GlobalSection(SolutionConfigurationPlatforms) = preSolution
		Debug|Any CPU = Debug|Any CPU
		Release|Any CPU = Release|Any CPU
	EndGlobalSection
	GlobalSection(ProjectConfigurationPlatforms) = postSolution
		{412A554C-4E34-461B-83E1-CE3256534899}.Debug|Any CPU.ActiveCfg = Debug|Any CPU
		{412A554C-4E34-461B-83E1-CE3256534899}.Debug|Any CPU.Build.0 = Debug|Any CPU
		{412A554C-4E34-461B-83E1-CE3256534899}.Release|Any CPU.ActiveCfg = Release|Any CPU
		{412A554C-4E34-461B-83E1-CE3256534899}.Release|Any CPU.Build.0 = Release|Any CPU
		{CE5700E8-DE7E-4F40-895A-A8D3C65D1F30}.Debug|Any CPU.ActiveCfg = Debug|Any CPU
		{CE5700E8-DE7E-4F40-895A-A8D3C65D1F30}.Debug|Any CPU.Build.0 = Debug|Any CPU
		{CE5700E8-DE7E-4F40-895A-A8D3C65D1F30}.Release|Any CPU.ActiveCfg = Release|Any CPU
		{CE5700E8-DE7E-4F40-895A-A8D3C65D1F30}.Release|Any CPU.Build.0 = Release|Any CPU
	EndGlobalSection
	GlobalSection(SolutionProperties) = preSolution
		HideSolutionNode = FALSE
	EndGlobalSection
	GlobalSection(ExtensibilityGlobals) = postSolution
		SolutionGuid = {0B695911-6487-4E56-BE21-4B5EA44EC011}
	EndGlobalSection
EndGlobal
